Microsoft Visual Studio Solution File, Format Version 12.00
# Visual Studio 15
VisualStudioVersion = 15.0.26124.0
MinimumVisualStudioVersion = 15.0.26124.0
Project("{9A19103F-16F7-4668-BE54-9A1E7A4F7556}") = "Aiplugs.CMS", "Aiplugs.CMS\Aiplugs.CMS.csproj", "{25D648B6-9B55-4B8B-A4FA-1D35D0116542}"
EndProject
Project("{9A19103F-16F7-4668-BE54-9A1E7A4F7556}") = "Aiplugs.CMS.Web", "Aiplugs.CMS.Web\Aiplugs.CMS.Web.csproj", "{C6CDE4A5-65B4-49BF-B20B-47F326A732A8}"
EndProject
Project("{9A19103F-16F7-4668-BE54-9A1E7A4F7556}") = "Aiplugs.CMS.Tests", "Aiplugs.CMS.Tests\Aiplugs.CMS.Tests.csproj", "{C909AC6E-64E2-44F0-8975-481827AE3FDD}"
EndProject
Project("{9A19103F-16F7-4668-BE54-9A1E7A4F7556}") = "Aiplugs.CMS.Core", "Aiplugs.CMS.Core\Aiplugs.CMS.Core.csproj", "{27541634-9F42-42A5-B76D-BF8B4D66A2CB}"
EndProject
Project("{9A19103F-16F7-4668-BE54-9A1E7A4F7556}") = "Aiplugs.CMS.Data", "Aiplugs.CMS.Data\Aiplugs.CMS.Data.csproj", "{CA74F475-973C-4A44-975F-EED209FE883C}"
EndProject
Project("{9A19103F-16F7-4668-BE54-9A1E7A4F7556}") = "Aiplugs.CMS.Query", "Aiplugs.CMS.Query\Aiplugs.CMS.Query.csproj", "{546E8942-EFE0-4F1E-A4C0-C7C03B5CD29D}"
EndProject
Global
	GlobalSection(SolutionConfigurationPlatforms) = preSolution
		Debug|Any CPU = Debug|Any CPU
		Debug|x64 = Debug|x64
		Debug|x86 = Debug|x86
		Release|Any CPU = Release|Any CPU
		Release|x64 = Release|x64
		Release|x86 = Release|x86
	EndGlobalSection
	GlobalSection(ProjectConfigurationPlatforms) = postSolution
		{25D648B6-9B55-4B8B-A4FA-1D35D0116542}.Debug|Any CPU.ActiveCfg = Debug|Any CPU
		{25D648B6-9B55-4B8B-A4FA-1D35D0116542}.Debug|Any CPU.Build.0 = Debug|Any CPU
		{25D648B6-9B55-4B8B-A4FA-1D35D0116542}.Debug|x64.ActiveCfg = Debug|Any CPU
		{25D648B6-9B55-4B8B-A4FA-1D35D0116542}.Debug|x64.Build.0 = Debug|Any CPU
		{25D648B6-9B55-4B8B-A4FA-1D35D0116542}.Debug|x86.ActiveCfg = Debug|Any CPU
		{25D648B6-9B55-4B8B-A4FA-1D35D0116542}.Debug|x86.Build.0 = Debug|Any CPU
		{25D648B6-9B55-4B8B-A4FA-1D35D0116542}.Release|Any CPU.ActiveCfg = Release|Any CPU
		{25D648B6-9B55-4B8B-A4FA-1D35D0116542}.Release|Any CPU.Build.0 = Release|Any CPU
		{25D648B6-9B55-4B8B-A4FA-1D35D0116542}.Release|x64.ActiveCfg = Release|Any CPU
		{25D648B6-9B55-4B8B-A4FA-1D35D0116542}.Release|x64.Build.0 = Release|Any CPU
		{25D648B6-9B55-4B8B-A4FA-1D35D0116542}.Release|x86.ActiveCfg = Release|Any CPU
		{25D648B6-9B55-4B8B-A4FA-1D35D0116542}.Release|x86.Build.0 = Release|Any CPU
		{C6CDE4A5-65B4-49BF-B20B-47F326A732A8}.Debug|Any CPU.ActiveCfg = Debug|Any CPU
		{C6CDE4A5-65B4-49BF-B20B-47F326A732A8}.Debug|Any CPU.Build.0 = Debug|Any CPU
		{C6CDE4A5-65B4-49BF-B20B-47F326A732A8}.Debug|x64.ActiveCfg = Debug|Any CPU
		{C6CDE4A5-65B4-49BF-B20B-47F326A732A8}.Debug|x64.Build.0 = Debug|Any CPU
		{C6CDE4A5-65B4-49BF-B20B-47F326A732A8}.Debug|x86.ActiveCfg = Debug|Any CPU
		{C6CDE4A5-65B4-49BF-B20B-47F326A732A8}.Debug|x86.Build.0 = Debug|Any CPU
		{C6CDE4A5-65B4-49BF-B20B-47F326A732A8}.Release|Any CPU.ActiveCfg = Release|Any CPU
		{C6CDE4A5-65B4-49BF-B20B-47F326A732A8}.Release|Any CPU.Build.0 = Release|Any CPU
		{C6CDE4A5-65B4-49BF-B20B-47F326A732A8}.Release|x64.ActiveCfg = Release|Any CPU
		{C6CDE4A5-65B4-49BF-B20B-47F326A732A8}.Release|x64.Build.0 = Release|Any CPU
		{C6CDE4A5-65B4-49BF-B20B-47F326A732A8}.Release|x86.ActiveCfg = Release|Any CPU
		{C6CDE4A5-65B4-49BF-B20B-47F326A732A8}.Release|x86.Build.0 = Release|Any CPU
		{C909AC6E-64E2-44F0-8975-481827AE3FDD}.Debug|Any CPU.ActiveCfg = Debug|Any CPU
		{C909AC6E-64E2-44F0-8975-481827AE3FDD}.Debug|Any CPU.Build.0 = Debug|Any CPU
		{C909AC6E-64E2-44F0-8975-481827AE3FDD}.Debug|x64.ActiveCfg = Debug|Any CPU
		{C909AC6E-64E2-44F0-8975-481827AE3FDD}.Debug|x64.Build.0 = Debug|Any CPU
		{C909AC6E-64E2-44F0-8975-481827AE3FDD}.Debug|x86.ActiveCfg = Debug|Any CPU
		{C909AC6E-64E2-44F0-8975-481827AE3FDD}.Debug|x86.Build.0 = Debug|Any CPU
		{C909AC6E-64E2-44F0-8975-481827AE3FDD}.Release|Any CPU.ActiveCfg = Release|Any CPU
		{C909AC6E-64E2-44F0-8975-481827AE3FDD}.Release|Any CPU.Build.0 = Release|Any CPU
		{C909AC6E-64E2-44F0-8975-481827AE3FDD}.Release|x64.ActiveCfg = Release|Any CPU
		{C909AC6E-64E2-44F0-8975-481827AE3FDD}.Release|x64.Build.0 = Release|Any CPU
		{C909AC6E-64E2-44F0-8975-481827AE3FDD}.Release|x86.ActiveCfg = Release|Any CPU
		{C909AC6E-64E2-44F0-8975-481827AE3FDD}.Release|x86.Build.0 = Release|Any CPU
		{27541634-9F42-42A5-B76D-BF8B4D66A2CB}.Debug|Any CPU.ActiveCfg = Debug|Any CPU
		{27541634-9F42-42A5-B76D-BF8B4D66A2CB}.Debug|Any CPU.Build.0 = Debug|Any CPU
		{27541634-9F42-42A5-B76D-BF8B4D66A2CB}.Debug|x64.ActiveCfg = Debug|Any CPU
		{27541634-9F42-42A5-B76D-BF8B4D66A2CB}.Debug|x64.Build.0 = Debug|Any CPU
		{27541634-9F42-42A5-B76D-BF8B4D66A2CB}.Debug|x86.ActiveCfg = Debug|Any CPU
		{27541634-9F42-42A5-B76D-BF8B4D66A2CB}.Debug|x86.Build.0 = Debug|Any CPU
		{27541634-9F42-42A5-B76D-BF8B4D66A2CB}.Release|Any CPU.ActiveCfg = Release|Any CPU
		{27541634-9F42-42A5-B76D-BF8B4D66A2CB}.Release|Any CPU.Build.0 = Release|Any CPU
		{27541634-9F42-42A5-B76D-BF8B4D66A2CB}.Release|x64.ActiveCfg = Release|Any CPU
		{27541634-9F42-42A5-B76D-BF8B4D66A2CB}.Release|x64.Build.0 = Release|Any CPU
		{27541634-9F42-42A5-B76D-BF8B4D66A2CB}.Release|x86.ActiveCfg = Release|Any CPU
		{27541634-9F42-42A5-B76D-BF8B4D66A2CB}.Release|x86.Build.0 = Release|Any CPU
		{CA74F475-973C-4A44-975F-EED209FE883C}.Debug|Any CPU.ActiveCfg = Debug|Any CPU
		{CA74F475-973C-4A44-975F-EED209FE883C}.Debug|Any CPU.Build.0 = Debug|Any CPU
		{CA74F475-973C-4A44-975F-EED209FE883C}.Debug|x64.ActiveCfg = Debug|Any CPU
		{CA74F475-973C-4A44-975F-EED209FE883C}.Debug|x64.Build.0 = Debug|Any CPU
		{CA74F475-973C-4A44-975F-EED209FE883C}.Debug|x86.ActiveCfg = Debug|Any CPU
		{CA74F475-973C-4A44-975F-EED209FE883C}.Debug|x86.Build.0 = Debug|Any CPU
		{CA74F475-973C-4A44-975F-EED209FE883C}.Release|Any CPU.ActiveCfg = Release|Any CPU
		{CA74F475-973C-4A44-975F-EED209FE883C}.Release|Any CPU.Build.0 = Release|Any CPU
		{CA74F475-973C-4A44-975F-EED209FE883C}.Release|x64.ActiveCfg = Release|Any CPU
		{CA74F475-973C-4A44-975F-EED209FE883C}.Release|x64.Build.0 = Release|Any CPU
		{CA74F475-973C-4A44-975F-EED209FE883C}.Release|x86.ActiveCfg = Release|Any CPU
		{CA74F475-973C-4A44-975F-EED209FE883C}.Release|x86.Build.0 = Release|Any CPU
		{546E8942-EFE0-4F1E-A4C0-C7C03B5CD29D}.Debug|Any CPU.ActiveCfg = Debug|Any CPU
		{546E8942-EFE0-4F1E-A4C0-C7C03B5CD29D}.Debug|Any CPU.Build.0 = Debug|Any CPU
		{546E8942-EFE0-4F1E-A4C0-C7C03B5CD29D}.Debug|x64.ActiveCfg = Debug|Any CPU
		{546E8942-EFE0-4F1E-A4C0-C7C03B5CD29D}.Debug|x64.Build.0 = Debug|Any CPU
		{546E8942-EFE0-4F1E-A4C0-C7C03B5CD29D}.Debug|x86.ActiveCfg = Debug|Any CPU
		{546E8942-EFE0-4F1E-A4C0-C7C03B5CD29D}.Debug|x86.Build.0 = Debug|Any CPU
		{546E8942-EFE0-4F1E-A4C0-C7C03B5CD29D}.Release|Any CPU.ActiveCfg = Release|Any CPU
		{546E8942-EFE0-4F1E-A4C0-C7C03B5CD29D}.Release|Any CPU.Build.0 = Release|Any CPU
		{546E8942-EFE0-4F1E-A4C0-C7C03B5CD29D}.Release|x64.ActiveCfg = Release|Any CPU
		{546E8942-EFE0-4F1E-A4C0-C7C03B5CD29D}.Release|x64.Build.0 = Release|Any CPU
		{546E8942-EFE0-4F1E-A4C0-C7C03B5CD29D}.Release|x86.ActiveCfg = Release|Any CPU
		{546E8942-EFE0-4F1E-A4C0-C7C03B5CD29D}.Release|x86.Build.0 = Release|Any CPU
	EndGlobalSection
	GlobalSection(SolutionProperties) = preSolution
		HideSolutionNode = FALSE
	EndGlobalSection
	GlobalSection(ExtensibilityGlobals) = postSolution
		SolutionGuid = {34AD08B0-2E47-43FC-8E53-E0805DC9D571}
	EndGlobalSection
EndGlobal
